// !$*UTF8*$!
{
	archiveVersion = 1;
	classes = {
	};
	objectVersion = 50;
	objects = {

/* Begin PBXBuildFile section */
		EF133E522310F7A400FE39E9 /* AppDelegate.swift in Sources */ = {isa = PBXBuildFile; fileRef = EF133E512310F7A400FE39E9 /* AppDelegate.swift */; };
		EF133E542310F7A400FE39E9 /* ViewController.swift in Sources */ = {isa = PBXBuildFile; fileRef = EF133E532310F7A400FE39E9 /* ViewController.swift */; };
		EF133E572310F7A400FE39E9 /* Main.storyboard in Resources */ = {isa = PBXBuildFile; fileRef = EF133E552310F7A400FE39E9 /* Main.storyboard */; };
		EF133E592310F7A500FE39E9 /* Assets.xcassets in Resources */ = {isa = PBXBuildFile; fileRef = EF133E582310F7A500FE39E9 /* Assets.xcassets */; };
		EF133E5C2310F7A500FE39E9 /* LaunchScreen.storyboard in Resources */ = {isa = PBXBuildFile; fileRef = EF133E5A2310F7A500FE39E9 /* LaunchScreen.storyboard */; };
		EF133E682310F86200FE39E9 /* TEDTalkTableViewCell.swift in Sources */ = {isa = PBXBuildFile; fileRef = EF133E662310F86200FE39E9 /* TEDTalkTableViewCell.swift */; };
		EF133E692310F86200FE39E9 /* TEDTalkTableViewCell.xib in Resources */ = {isa = PBXBuildFile; fileRef = EF133E672310F86200FE39E9 /* TEDTalkTableViewCell.xib */; };
		EF133E6E2310F89E00FE39E9 /* Router.swift in Sources */ = {isa = PBXBuildFile; fileRef = EF133E6D2310F89E00FE39E9 /* Router.swift */; };
		EF133E702310F8CB00FE39E9 /* AppConstants.swift in Sources */ = {isa = PBXBuildFile; fileRef = EF133E6F2310F8CB00FE39E9 /* AppConstants.swift */; };
		EF133E742310FDA000FE39E9 /* TalkShowVO.swift in Sources */ = {isa = PBXBuildFile; fileRef = EF133E732310FDA000FE39E9 /* TalkShowVO.swift */; };
		EF133E7623110C7B00FE39E9 /* DetailViewController.swift in Sources */ = {isa = PBXBuildFile; fileRef = EF133E7523110C7B00FE39E9 /* DetailViewController.swift */; };
/* End PBXBuildFile section */

/* Begin PBXFileReference section */
		EF133E4E2310F7A400FE39E9 /* ListDetailAppAssignment.app */ = {isa = PBXFileReference; explicitFileType = wrapper.application; includeInIndex = 0; path = ListDetailAppAssignment.app; sourceTree = BUILT_PRODUCTS_DIR; };
		EF133E512310F7A400FE39E9 /* AppDelegate.swift */ = {isa = PBXFileReference; lastKnownFileType = sourcecode.swift; path = AppDelegate.swift; sourceTree = "<group>"; };
		EF133E532310F7A400FE39E9 /* ViewController.swift */ = {isa = PBXFileReference; lastKnownFileType = sourcecode.swift; path = ViewController.swift; sourceTree = "<group>"; };
		EF133E562310F7A400FE39E9 /* Base */ = {isa = PBXFileReference; lastKnownFileType = file.storyboard; name = Base; path = Base.lproj/Main.storyboard; sourceTree = "<group>"; };
		EF133E582310F7A500FE39E9 /* Assets.xcassets */ = {isa = PBXFileReference; lastKnownFileType = folder.assetcatalog; path = Assets.xcassets; sourceTree = "<group>"; };
		EF133E5B2310F7A500FE39E9 /* Base */ = {isa = PBXFileReference; lastKnownFileType = file.storyboard; name = Base; path = Base.lproj/LaunchScreen.storyboard; sourceTree = "<group>"; };
		EF133E5D2310F7A500FE39E9 /* Info.plist */ = {isa = PBXFileReference; lastKnownFileType = text.plist.xml; path = Info.plist; sourceTree = "<group>"; };
		EF133E662310F86200FE39E9 /* TEDTalkTableViewCell.swift */ = {isa = PBXFileReference; lastKnownFileType = sourcecode.swift; path = TEDTalkTableViewCell.swift; sourceTree = "<group>"; };
		EF133E672310F86200FE39E9 /* TEDTalkTableViewCell.xib */ = {isa = PBXFileReference; lastKnownFileType = file.xib; path = TEDTalkTableViewCell.xib; sourceTree = "<group>"; };
		EF133E6D2310F89E00FE39E9 /* Router.swift */ = {isa = PBXFileReference; lastKnownFileType = sourcecode.swift; path = Router.swift; sourceTree = "<group>"; };
		EF133E6F2310F8CB00FE39E9 /* AppConstants.swift */ = {isa = PBXFileReference; lastKnownFileType = sourcecode.swift; path = AppConstants.swift; sourceTree = "<group>"; };
		EF133E732310FDA000FE39E9 /* TalkShowVO.swift */ = {isa = PBXFileReference; lastKnownFileType = sourcecode.swift; path = TalkShowVO.swift; sourceTree = "<group>"; };
		EF133E7523110C7B00FE39E9 /* DetailViewController.swift */ = {isa = PBXFileReference; lastKnownFileType = sourcecode.swift; path = DetailViewController.swift; sourceTree = "<group>"; };
/* End PBXFileReference section */

/* Begin PBXFrameworksBuildPhase section */
		EF133E4B2310F7A400FE39E9 /* Frameworks */ = {
			isa = PBXFrameworksBuildPhase;
			buildActionMask = 2147483647;
			files = (
			);
			runOnlyForDeploymentPostprocessing = 0;
		};
/* End PBXFrameworksBuildPhase section */

/* Begin PBXGroup section */
		EF133E452310F7A400FE39E9 = {
			isa = PBXGroup;
			children = (
				EF133E502310F7A400FE39E9 /* ListDetailAppAssignment */,
				EF133E4F2310F7A400FE39E9 /* Products */,
			);
			sourceTree = "<group>";
		};
		EF133E4F2310F7A400FE39E9 /* Products */ = {
			isa = PBXGroup;
			children = (
				EF133E4E2310F7A400FE39E9 /* ListDetailAppAssignment.app */,
			);
			name = Products;
			sourceTree = "<group>";
		};
		EF133E502310F7A400FE39E9 /* ListDetailAppAssignment */ = {
			isa = PBXGroup;
			children = (
				EF133E712310FD6C00FE39E9 /* data */,
				EF133E6C2310F88E00FE39E9 /* utils */,
				EF133E652310F7FD00FE39E9 /* cells */,
				EF133E642310F7C600FE39E9 /* controllers */,
				EF133E632310F7B500FE39E9 /* storyboards */,
				EF133E512310F7A400FE39E9 /* AppDelegate.swift */,
				EF133E582310F7A500FE39E9 /* Assets.xcassets */,
				EF133E5A2310F7A500FE39E9 /* LaunchScreen.storyboard */,
				EF133E5D2310F7A500FE39E9 /* Info.plist */,
			);
			path = ListDetailAppAssignment;
			sourceTree = "<group>";
		};
		EF133E632310F7B500FE39E9 /* storyboards */ = {
			isa = PBXGroup;
			children = (
				EF133E552310F7A400FE39E9 /* Main.storyboard */,
			);
			path = storyboards;
			sourceTree = "<group>";
		};
		EF133E642310F7C600FE39E9 /* controllers */ = {
			isa = PBXGroup;
			children = (
				EF133E532310F7A400FE39E9 /* ViewController.swift */,
				EF133E7523110C7B00FE39E9 /* DetailViewController.swift */,
			);
			path = controllers;
			sourceTree = "<group>";
		};
		EF133E652310F7FD00FE39E9 /* cells */ = {
			isa = PBXGroup;
			children = (
				EF133E6B2310F87900FE39E9 /* swifts */,
				EF133E6A2310F86E00FE39E9 /* xibs */,
			);
			path = cells;
			sourceTree = "<group>";
		};
		EF133E6A2310F86E00FE39E9 /* xibs */ = {
			isa = PBXGroup;
			children = (
				EF133E672310F86200FE39E9 /* TEDTalkTableViewCell.xib */,
			);
			path = xibs;
			sourceTree = "<group>";
		};
		EF133E6B2310F87900FE39E9 /* swifts */ = {
			isa = PBXGroup;
			children = (
				EF133E662310F86200FE39E9 /* TEDTalkTableViewCell.swift */,
			);
			path = swifts;
			sourceTree = "<group>";
		};
		EF133E6C2310F88E00FE39E9 /* utils */ = {
			isa = PBXGroup;
			children = (
				EF133E6D2310F89E00FE39E9 /* Router.swift */,
				EF133E6F2310F8CB00FE39E9 /* AppConstants.swift */,
			);
			path = utils;
			sourceTree = "<group>";
		};
		EF133E712310FD6C00FE39E9 /* data */ = {
			isa = PBXGroup;
			children = (
				EF133E722310FD7600FE39E9 /* vos */,
			);
			path = data;
			sourceTree = "<group>";
		};
		EF133E722310FD7600FE39E9 /* vos */ = {
			isa = PBXGroup;
			children = (
				EF133E732310FDA000FE39E9 /* TalkShowVO.swift */,
			);
			path = vos;
			sourceTree = "<group>";
		};
/* End PBXGroup section */

/* Begin PBXNativeTarget section */
		EF133E4D2310F7A400FE39E9 /* ListDetailAppAssignment */ = {
			isa = PBXNativeTarget;
			buildConfigurationList = EF133E602310F7A600FE39E9 /* Build configuration list for PBXNativeTarget "ListDetailAppAssignment" */;
			buildPhases = (
				EF133E4A2310F7A400FE39E9 /* Sources */,
				EF133E4B2310F7A400FE39E9 /* Frameworks */,
				EF133E4C2310F7A400FE39E9 /* Resources */,
			);
			buildRules = (
			);
			dependencies = (
			);
			name = ListDetailAppAssignment;
			productName = ListDetailAppAssignment;
			productReference = EF133E4E2310F7A400FE39E9 /* ListDetailAppAssignment.app */;
			productType = "com.apple.product-type.application";
		};
/* End PBXNativeTarget section */

/* Begin PBXProject section */
		EF133E462310F7A400FE39E9 /* Project object */ = {
			isa = PBXProject;
			attributes = {
				LastSwiftUpdateCheck = 1030;
				LastUpgradeCheck = 1030;
				ORGANIZATIONNAME = SLH;
				TargetAttributes = {
					EF133E4D2310F7A400FE39E9 = {
						CreatedOnToolsVersion = 10.3;
					};
				};
			};
			buildConfigurationList = EF133E492310F7A400FE39E9 /* Build configuration list for PBXProject "ListDetailAppAssignment" */;
			compatibilityVersion = "Xcode 9.3";
			developmentRegion = en;
			hasScannedForEncodings = 0;
			knownRegions = (
				en,
				Base,
			);
			mainGroup = EF133E452310F7A400FE39E9;
			productRefGroup = EF133E4F2310F7A400FE39E9 /* Products */;
			projectDirPath = "";
			projectRoot = "";
			targets = (
				EF133E4D2310F7A400FE39E9 /* ListDetailAppAssignment */,
			);
		};
/* End PBXProject section */

/* Begin PBXResourcesBuildPhase section */
		EF133E4C2310F7A400FE39E9 /* Resources */ = {
			isa = PBXResourcesBuildPhase;
			buildActionMask = 2147483647;
			files = (
				EF133E5C2310F7A500FE39E9 /* LaunchScreen.storyboard in Resources */,
				EF133E692310F86200FE39E9 /* TEDTalkTableViewCell.xib in Resources */,
				EF133E592310F7A500FE39E9 /* Assets.xcassets in Resources */,
				EF133E572310F7A400FE39E9 /* Main.storyboard in Resources */,
			);
			runOnlyForDeploymentPostprocessing = 0;
		};
/* End PBXResourcesBuildPhase section */

/* Begin PBXSourcesBuildPhase section */
		EF133E4A2310F7A400FE39E9 /* Sources */ = {
			isa = PBXSourcesBuildPhase;
			buildActionMask = 2147483647;
			files = (
				EF133E6E2310F89E00FE39E9 /* Router.swift in Sources */,
				EF133E542310F7A400FE39E9 /* ViewController.swift in Sources */,
				EF133E682310F86200FE39E9 /* TEDTalkTableViewCell.swift in Sources */,
				EF133E522310F7A400FE39E9 /* AppDelegate.swift in Sources */,
				EF133E702310F8CB00FE39E9 /* AppConstants.swift in Sources */,
				EF133E742310FDA000FE39E9 /* TalkShowVO.swift in Sources */,
				EF133E7623110C7B00FE39E9 /* DetailViewController.swift in Sources */,
			);
			runOnlyForDeploymentPostprocessing = 0;
		};
/* End PBXSourcesBuildPhase section */

/* Begin PBXVariantGroup section */
		EF133E552310F7A400FE39E9 /* Main.storyboard */ = {
			isa = PBXVariantGroup;
			children = (
				EF133E562310F7A400FE39E9 /* Base */,
			);
			name = Main.storyboard;
			sourceTree = "<group>";
		};
		EF133E5A2310F7A500FE39E9 /* LaunchScreen.storyboard */ = {
			isa = PBXVariantGroup;
			children = (
				EF133E5B2310F7A500FE39E9 /* Base */,
			);
			name = LaunchScreen.storyboard;
			sourceTree = "<group>";
		};
/* End PBXVariantGroup section */

/* Begin XCBuildConfiguration section */
		EF133E5E2310F7A600FE39E9 /* Debug */ = {
			isa = XCBuildConfiguration;
			buildSettings = {
				ALWAYS_SEARCH_USER_PATHS = NO;
				CLANG_ANALYZER_NONNULL = YES;
				CLANG_ANALYZER_NUMBER_OBJECT_CONVERSION = YES_AGGRESSIVE;
				CLANG_CXX_LANGUAGE_STANDARD = "gnu++14";
				CLANG_CXX_LIBRARY = "libc++";
				CLANG_ENABLE_MODULES = YES;
				CLANG_ENABLE_OBJC_ARC = YES;
				CLANG_ENABLE_OBJC_WEAK = YES;
				CLANG_WARN_BLOCK_CAPTURE_AUTORELEASING = YES;
				CLANG_WARN_BOOL_CONVERSION = YES;
				CLANG_WARN_COMMA = YES;
				CLANG_WARN_CONSTANT_CONVERSION = YES;
				CLANG_WARN_DEPRECATED_OBJC_IMPLEMENTATIONS = YES;
				CLANG_WARN_DIRECT_OBJC_ISA_USAGE = YES_ERROR;
				CLANG_WARN_DOCUMENTATION_COMMENTS = YES;
				CLANG_WARN_EMPTY_BODY = YES;
				CLANG_WARN_ENUM_CONVERSION = YES;
				CLANG_WARN_INFINITE_RECURSION = YES;
				CLANG_WARN_INT_CONVERSION = YES;
				CLANG_WARN_NON_LITERAL_NULL_CONVERSION = YES;
				CLANG_WARN_OBJC_IMPLICIT_RETAIN_SELF = YES;
				CLANG_WARN_OBJC_LITERAL_CONVERSION = YES;
				CLANG_WARN_OBJC_ROOT_CLASS = YES_ERROR;
				CLANG_WARN_RANGE_LOOP_ANALYSIS = YES;
				CLANG_WARN_STRICT_PROTOTYPES = YES;
				CLANG_WARN_SUSPICIOUS_MOVE = YES;
				CLANG_WARN_UNGUARDED_AVAILABILITY = YES_AGGRESSIVE;
				CLANG_WARN_UNREACHABLE_CODE = YES;
				CLANG_WARN__DUPLICATE_METHOD_MATCH = YES;
				CODE_SIGN_IDENTITY = "iPhone Developer";
				COPY_PHASE_STRIP = NO;
				DEBUG_INFORMATION_FORMAT = dwarf;
				ENABLE_STRICT_OBJC_MSGSEND = YES;
				ENABLE_TESTABILITY = YES;
				GCC_C_LANGUAGE_STANDARD = gnu11;
				GCC_DYNAMIC_NO_PIC = NO;
				GCC_NO_COMMON_BLOCKS = YES;
				GCC_OPTIMIZATION_LEVEL = 0;
				GCC_PREPROCESSOR_DEFINITIONS = (
					"DEBUG=1",
					"$(inherited)",
				);
				GCC_WARN_64_TO_32_BIT_CONVERSION = YES;
				GCC_WARN_ABOUT_RETURN_TYPE = YES_ERROR;
				GCC_WARN_UNDECLARED_SELECTOR = YES;
				GCC_WARN_UNINITIALIZED_AUTOS = YES_AGGRESSIVE;
				GCC_WARN_UNUSED_FUNCTION = YES;
				GCC_WARN_UNUSED_VARIABLE = YES;
				IPHONEOS_DEPLOYMENT_TARGET = 12.4;
				MTL_ENABLE_DEBUG_INFO = INCLUDE_SOURCE;
				MTL_FAST_MATH = YES;
				ONLY_ACTIVE_ARCH = YES;
				SDKROOT = iphoneos;
				SWIFT_ACTIVE_COMPILATION_CONDITIONS = DEBUG;
				SWIFT_OPTIMIZATION_LEVEL = "-Onone";
			};
			name = Debug;
		};
		EF133E5F2310F7A600FE39E9 /* Release */ = {
			isa = XCBuildConfiguration;
			buildSettings = {
				ALWAYS_SEARCH_USER_PATHS = NO;
				CLANG_ANALYZER_NONNULL = YES;
				CLANG_ANALYZER_NUMBER_OBJECT_CONVERSION = YES_AGGRESSIVE;
				CLANG_CXX_LANGUAGE_STANDARD = "gnu++14";
				CLANG_CXX_LIBRARY = "libc++";
				CLANG_ENABLE_MODULES = YES;
				CLANG_ENABLE_OBJC_ARC = YES;
				CLANG_ENABLE_OBJC_WEAK = YES;
				CLANG_WARN_BLOCK_CAPTURE_AUTORELEASING = YES;
				CLANG_WARN_BOOL_CONVERSION = YES;
				CLANG_WARN_COMMA = YES;
				CLANG_WARN_CONSTANT_CONVERSION = YES;
				CLANG_WARN_DEPRECATED_OBJC_IMPLEMENTATIONS = YES;
				CLANG_WARN_DIRECT_OBJC_ISA_USAGE = YES_ERROR;
				CLANG_WARN_DOCUMENTATION_COMMENTS = YES;
				CLANG_WARN_EMPTY_BODY = YES;
				CLANG_WARN_ENUM_CONVERSION = YES;
				CLANG_WARN_INFINITE_RECURSION = YES;
				CLANG_WARN_INT_CONVERSION = YES;
				CLANG_WARN_NON_LITERAL_NULL_CONVERSION = YES;
				CLANG_WARN_OBJC_IMPLICIT_RETAIN_SELF = YES;
				CLANG_WARN_OBJC_LITERAL_CONVERSION = YES;
				CLANG_WARN_OBJC_ROOT_CLASS = YES_ERROR;
				CLANG_WARN_RANGE_LOOP_ANALYSIS = YES;
				CLANG_WARN_STRICT_PROTOTYPES = YES;
				CLANG_WARN_SUSPICIOUS_MOVE = YES;
				CLANG_WARN_UNGUARDED_AVAILABILITY = YES_AGGRESSIVE;
				CLANG_WARN_UNREACHABLE_CODE = YES;
				CLANG_WARN__DUPLICATE_METHOD_MATCH = YES;
				CODE_SIGN_IDENTITY = "iPhone Developer";
				COPY_PHASE_STRIP = NO;
				DEBUG_INFORMATION_FORMAT = "dwarf-with-dsym";
				ENABLE_NS_ASSERTIONS = NO;
				ENABLE_STRICT_OBJC_MSGSEND = YES;
				GCC_C_LANGUAGE_STANDARD = gnu11;
				GCC_NO_COMMON_BLOCKS = YES;
				GCC_WARN_64_TO_32_BIT_CONVERSION = YES;
				GCC_WARN_ABOUT_RETURN_TYPE = YES_ERROR;
				GCC_WARN_UNDECLARED_SELECTOR = YES;
				GCC_WARN_UNINITIALIZED_AUTOS = YES_AGGRESSIVE;
				GCC_WARN_UNUSED_FUNCTION = YES;
				GCC_WARN_UNUSED_VARIABLE = YES;
				IPHONEOS_DEPLOYMENT_TARGET = 12.4;
				MTL_ENABLE_DEBUG_INFO = NO;
				MTL_FAST_MATH = YES;
				SDKROOT = iphoneos;
				SWIFT_COMPILATION_MODE = wholemodule;
				SWIFT_OPTIMIZATION_LEVEL = "-O";
				VALIDATE_PRODUCT = YES;
			};
			name = Release;
		};
		EF133E612310F7A600FE39E9 /* Debug */ = {
			isa = XCBuildConfiguration;
			buildSettings = {
				ASSETCATALOG_COMPILER_APPICON_NAME = AppIcon;
				CODE_SIGN_STYLE = Automatic;
				INFOPLIST_FILE = ListDetailAppAssignment/Info.plist;
				LD_RUNPATH_SEARCH_PATHS = (
					"$(inherited)",
					"@executable_path/Frameworks",
				);
				PRODUCT_BUNDLE_IDENTIFIER = com.padc.ListDetailAppAssignment;
				PRODUCT_NAME = "$(TARGET_NAME)";
				SWIFT_VERSION = 5.0;
				TARGETED_DEVICE_FAMILY = "1,2";
			};
			name = Debug;
		};
		EF133E622310F7A600FE39E9 /* Release */ = {
			isa = XCBuildConfiguration;
			buildSettings = {
				ASSETCATALOG_COMPILER_APPICON_NAME = AppIcon;
				CODE_SIGN_STYLE = Automatic;
				INFOPLIST_FILE = ListDetailAppAssignment/Info.plist;
				LD_RUNPATH_SEARCH_PATHS = (
					"$(inherited)",
					"@executable_path/Frameworks",
				);
				PRODUCT_BUNDLE_IDENTIFIER = com.padc.ListDetailAppAssignment;
				PRODUCT_NAME = "$(TARGET_NAME)";
				SWIFT_VERSION = 5.0;
				TARGETED_DEVICE_FAMILY = "1,2";
			};
			name = Release;
		};
/* End XCBuildConfiguration section */

/* Begin XCConfigurationList section */
		EF133E492310F7A400FE39E9 /* Build configuration list for PBXProject "ListDetailAppAssignment" */ = {
			isa = XCConfigurationList;
			buildConfigurations = (
				EF133E5E2310F7A600FE39E9 /* Debug */,
				EF133E5F2310F7A600FE39E9 /* Release */,
			);
			defaultConfigurationIsVisible = 0;
			defaultConfigurationName = Release;
		};
		EF133E602310F7A600FE39E9 /* Build configuration list for PBXNativeTarget "ListDetailAppAssignment" */ = {
			isa = XCConfigurationList;
			buildConfigurations = (
				EF133E612310F7A600FE39E9 /* Debug */,
				EF133E622310F7A600FE39E9 /* Release */,
			);
			defaultConfigurationIsVisible = 0;
			defaultConfigurationName = Release;
		};
/* End XCConfigurationList section */
	};
	rootObject = EF133E462310F7A400FE39E9 /* Project object */;
}
